
Microsoft Visual Studio Solution File, Format Version 12.00
# Visual Studio Version 17
VisualStudioVersion = 17.4.33205.214
MinimumVisualStudioVersion = 10.0.40219.1
Project("{FAE04EC0-301F-11D3-BF4B-00C04F79EFBC}") = "BuilderWeb", "BuilderWeb.csproj", "{13467F74-9F82-47C6-A3E3-A1E052FC1125}"
EndProject
Global
	GlobalSection(SolutionConfigurationPlatforms) = preSolution
		Debug|Any CPU = Debug|Any CPU
		Release|Any CPU = Release|Any CPU
	EndGlobalSection
	GlobalSection(ProjectConfigurationPlatforms) = postSolution
		{13467F74-9F82-47C6-A3E3-A1E052FC1125}.Debug|Any CPU.ActiveCfg = Debug|Any CPU
		{13467F74-9F82-47C6-A3E3-A1E052FC1125}.Debug|Any CPU.Build.0 = Debug|Any CPU
		{13467F74-9F82-47C6-A3E3-A1E052FC1125}.Release|Any CPU.ActiveCfg = Release|Any CPU
		{13467F74-9F82-47C6-A3E3-A1E052FC1125}.Release|Any CPU.Build.0 = Release|Any CPU
	EndGlobalSection
	GlobalSection(SolutionProperties) = preSolution
		HideSolutionNode = FALSE
	EndGlobalSection
	GlobalSection(ExtensibilityGlobals) = postSolution
		SolutionGuid = {E4AF184A-599E-40BE-9C32-11C6BFE93594}
	EndGlobalSection
EndGlobal
